
Microsoft Visual Studio Solution File, Format Version 12.00
# Visual Studio Version 16
VisualStudioVersion = 16.0.31410.357
MinimumVisualStudioVersion = 10.0.40219.1
Project("{8BC9CEB8-8B4A-11D0-8D11-00A0C91BC942}") = "ConsoleApplication5", "ConsoleApplication5\ConsoleApplication5.vcxproj", "{7D58C8CE-9299-4527-ADC9-DF5B0D048627}"
EndProject
Global
	GlobalSection(SolutionConfigurationPlatforms) = preSolution
		Debug|x64 = Debug|x64
		Debug|x86 = Debug|x86
		Release|x64 = Release|x64
		Release|x86 = Release|x86
	EndGlobalSection
	GlobalSection(ProjectConfigurationPlatforms) = postSolution
		{7D58C8CE-9299-4527-ADC9-DF5B0D048627}.Debug|x64.ActiveCfg = Debug|x64
		{7D58C8CE-9299-4527-ADC9-DF5B0D048627}.Debug|x64.Build.0 = Debug|x64
		{7D58C8CE-9299-4527-ADC9-DF5B0D048627}.Debug|x86.ActiveCfg = Debug|Win32
		{7D58C8CE-9299-4527-ADC9-DF5B0D048627}.Debug|x86.Build.0 = Debug|Win32
		{7D58C8CE-9299-4527-ADC9-DF5B0D048627}.Release|x64.ActiveCfg = Release|x64
		{7D58C8CE-9299-4527-ADC9-DF5B0D048627}.Release|x64.Build.0 = Release|x64
		{7D58C8CE-9299-4527-ADC9-DF5B0D048627}.Release|x86.ActiveCfg = Release|Win32
		{7D58C8CE-9299-4527-ADC9-DF5B0D048627}.Release|x86.Build.0 = Release|Win32
	EndGlobalSection
	GlobalSection(SolutionProperties) = preSolution
		HideSolutionNode = FALSE
	EndGlobalSection
	GlobalSection(ExtensibilityGlobals) = postSolution
		SolutionGuid = {5A30550E-0F97-495C-A2C0-5D7AD07C7EA0}
	EndGlobalSection
EndGlobal
